
Microsoft Visual Studio Solution File, Format Version 12.00
# Visual Studio Version 17
VisualStudioVersion = 17.14.37216.2 d17.14
MinimumVisualStudioVersion = 10.0.40219.1
Project("{FAE04EC0-301F-11D3-BF4B-00C04F79EFBC}") = "Update from Console to form Contacts", "Update from Console to form Contacts.csproj", "{3564AE4A-1373-4D55-8D9D-8E5BE91E767F}"
EndProject
Global
	GlobalSection(SolutionConfigurationPlatforms) = preSolution
		Debug|Any CPU = Debug|Any CPU
		Release|Any CPU = Release|Any CPU
	EndGlobalSection
	GlobalSection(ProjectConfigurationPlatforms) = postSolution
		{3564AE4A-1373-4D55-8D9D-8E5BE91E767F}.Debug|Any CPU.ActiveCfg = Debug|Any CPU
		{3564AE4A-1373-4D55-8D9D-8E5BE91E767F}.Debug|Any CPU.Build.0 = Debug|Any CPU
		{3564AE4A-1373-4D55-8D9D-8E5BE91E767F}.Release|Any CPU.ActiveCfg = Release|Any CPU
		{3564AE4A-1373-4D55-8D9D-8E5BE91E767F}.Release|Any CPU.Build.0 = Release|Any CPU
	EndGlobalSection
	GlobalSection(SolutionProperties) = preSolution
		HideSolutionNode = FALSE
	EndGlobalSection
	GlobalSection(ExtensibilityGlobals) = postSolution
		SolutionGuid = {B44C2CCA-F79D-49F8-8783-ED6DF4C74E74}
	EndGlobalSection
EndGlobal
